{
  "version": 4,
  "terraform_version": "1.8.2",
  "serial": 1,
  "lineage": "68b0ebac-2b67-bfb2-da20-4b6f2e55145e",
  "outputs": {},
  "resources": [
    {
      "mode": "managed",
      "type": "local_file",
      "name": "creating_sample_textfile",
      "provider": "provider[\"registry.terraform.io/hashicorp/local\"]",
      "instances": [
        {
          "schema_version": 0,
          "attributes": {
            "content": "Hello Terraform",
            "content_base64": null,
            "content_base64sha256": "/kgumh2UafZiAhLHINx9/VrK8rqdUF00InqL5Ah6o9o=",
            "content_base64sha512": "o0kyOlypmUjT2NHEgriT4P+QTACjaY9CB2wqRHCz6xAlvzlIaM2cKIccudD0mz1IynJrtqb4LjXo0/oJZpb6tg==",
            "content_md5": "6282288ace5139651dce0bb0a6716696",
            "content_sha1": "e17f8b10caa7079f5ff44e809de6a31360433587",
            "content_sha256": "fe482e9a1d9469f6620212c720dc7dfd5acaf2ba9d505d34227a8be4087aa3da",
            "content_sha512": "a349323a5ca99948d3d8d1c482b893e0ff904c00a3698f42076c2a4470b3eb1025bf394868cd9c28871cb9d0f49b3d48ca726bb6a6f82e35e8d3fa096696fab6",
            "directory_permission": "0777",
            "file_permission": "0777",
            "filename": "sample.txt",
            "id": "e17f8b10caa7079f5ff44e809de6a31360433587",
            "sensitive_content": null,
            "source": null
          },
          "sensitive_attributes": [
            [
              {
                "type": "get_attr",
                "value": "sensitive_content"
              }
            ]
          ]
        }
      ]
    }
  ],
  "check_results": null
}
